
Microsoft Visual Studio Solution File, Format Version 12.00
# Visual Studio Version 17
VisualStudioVersion = 17.9.34607.119
MinimumVisualStudioVersion = 10.0.40219.1
Project("{FAE04EC0-301F-11D3-BF4B-00C04F79EFBC}") = "EfCoreCodeFirst.Entity", "EfCoreCodeFirst.Entity\EfCoreCodeFirst.Entity.csproj", "{4EE6D3F9-1D3E-4F2B-B98D-65B4D74DA669}"
EndProject
Project("{FAE04EC0-301F-11D3-BF4B-00C04F79EFBC}") = "EfCoreCodeFirst.DataAccess", "EfCoreCodeFirst.DataAccess\EfCoreCodeFirst.DataAccess.csproj", "{2BDD9123-C535-465A-B729-9A84E979225C}"
EndProject
Project("{FAE04EC0-301F-11D3-BF4B-00C04F79EFBC}") = "EfCoreCodeFirst.Business", "EfCoreCodeFirst.Business\EfCoreCodeFirst.Business.csproj", "{679EBBDD-7444-4034-95F8-9C92E739CF34}"
EndProject
Global
	GlobalSection(SolutionConfigurationPlatforms) = preSolution
		Debug|Any CPU = Debug|Any CPU
		Release|Any CPU = Release|Any CPU
	EndGlobalSection
	GlobalSection(ProjectConfigurationPlatforms) = postSolution
		{4EE6D3F9-1D3E-4F2B-B98D-65B4D74DA669}.Debug|Any CPU.ActiveCfg = Debug|Any CPU
		{4EE6D3F9-1D3E-4F2B-B98D-65B4D74DA669}.Debug|Any CPU.Build.0 = Debug|Any CPU
		{4EE6D3F9-1D3E-4F2B-B98D-65B4D74DA669}.Release|Any CPU.ActiveCfg = Release|Any CPU
		{4EE6D3F9-1D3E-4F2B-B98D-65B4D74DA669}.Release|Any CPU.Build.0 = Release|Any CPU
		{2BDD9123-C535-465A-B729-9A84E979225C}.Debug|Any CPU.ActiveCfg = Debug|Any CPU
		{2BDD9123-C535-465A-B729-9A84E979225C}.Debug|Any CPU.Build.0 = Debug|Any CPU
		{2BDD9123-C535-465A-B729-9A84E979225C}.Release|Any CPU.ActiveCfg = Release|Any CPU
		{2BDD9123-C535-465A-B729-9A84E979225C}.Release|Any CPU.Build.0 = Release|Any CPU
		{679EBBDD-7444-4034-95F8-9C92E739CF34}.Debug|Any CPU.ActiveCfg = Debug|Any CPU
		{679EBBDD-7444-4034-95F8-9C92E739CF34}.Debug|Any CPU.Build.0 = Debug|Any CPU
		{679EBBDD-7444-4034-95F8-9C92E739CF34}.Release|Any CPU.ActiveCfg = Release|Any CPU
		{679EBBDD-7444-4034-95F8-9C92E739CF34}.Release|Any CPU.Build.0 = Release|Any CPU
	EndGlobalSection
	GlobalSection(SolutionProperties) = preSolution
		HideSolutionNode = FALSE
	EndGlobalSection
	GlobalSection(ExtensibilityGlobals) = postSolution
		SolutionGuid = {16B4CE00-9F55-4274-894F-C5DD3E3B17BF}
	EndGlobalSection
EndGlobal
